
Microsoft Visual Studio Solution File, Format Version 12.00
# Visual Studio Version 17
VisualStudioVersion = 17.4.33103.184
MinimumVisualStudioVersion = 10.0.40219.1
Project("{FAE04EC0-301F-11D3-BF4B-00C04F79EFBC}") = "Server", "Servernoe and klientskoe program\Server.csproj", "{54828F98-24AD-4AA3-B1AC-58D2803EB4CE}"
EndProject
Project("{FAE04EC0-301F-11D3-BF4B-00C04F79EFBC}") = "Klient", "2\Klient.csproj", "{67595918-AD7E-4D0F-84B2-168054EA87E2}"
EndProject
Global
	GlobalSection(SolutionConfigurationPlatforms) = preSolution
		Debug|Any CPU = Debug|Any CPU
		Release|Any CPU = Release|Any CPU
	EndGlobalSection
	GlobalSection(ProjectConfigurationPlatforms) = postSolution
		{54828F98-24AD-4AA3-B1AC-58D2803EB4CE}.Debug|Any CPU.ActiveCfg = Debug|Any CPU
		{54828F98-24AD-4AA3-B1AC-58D2803EB4CE}.Debug|Any CPU.Build.0 = Debug|Any CPU
		{54828F98-24AD-4AA3-B1AC-58D2803EB4CE}.Release|Any CPU.ActiveCfg = Release|Any CPU
		{54828F98-24AD-4AA3-B1AC-58D2803EB4CE}.Release|Any CPU.Build.0 = Release|Any CPU
		{67595918-AD7E-4D0F-84B2-168054EA87E2}.Debug|Any CPU.ActiveCfg = Debug|Any CPU
		{67595918-AD7E-4D0F-84B2-168054EA87E2}.Debug|Any CPU.Build.0 = Debug|Any CPU
		{67595918-AD7E-4D0F-84B2-168054EA87E2}.Release|Any CPU.ActiveCfg = Release|Any CPU
		{67595918-AD7E-4D0F-84B2-168054EA87E2}.Release|Any CPU.Build.0 = Release|Any CPU
	EndGlobalSection
	GlobalSection(SolutionProperties) = preSolution
		HideSolutionNode = FALSE
	EndGlobalSection
	GlobalSection(ExtensibilityGlobals) = postSolution
		SolutionGuid = {3EB8A8D1-5878-4ED7-88AD-A002D06F7E30}
	EndGlobalSection
EndGlobal
